
Microsoft Visual Studio Solution File, Format Version 12.00
# Visual Studio 2012
Project("{2150E333-8FDC-42A3-9474-1A3956D46DE8}") = "Kapitel 04", "Kapitel 04", "{CBF91279-C1D7-4F2A-9207-E122914F3868}"
EndProject
Project("{2150E333-8FDC-42A3-9474-1A3956D46DE8}") = "Kapitel 06", "Kapitel 06", "{ED937724-D8FA-42C9-8BC3-71C7BBA48E0C}"
EndProject
Project("{2150E333-8FDC-42A3-9474-1A3956D46DE8}") = "Kapitel 07", "Kapitel 07", "{D1B52287-A1E6-4AB7-8D5E-A29D8C2E7935}"
EndProject
Project("{2150E333-8FDC-42A3-9474-1A3956D46DE8}") = "Kapitel 08", "Kapitel 08", "{64745DEA-E1F8-4C86-A12B-A117B93D32C3}"
EndProject
Project("{2150E333-8FDC-42A3-9474-1A3956D46DE8}") = "Kapitel 09", "Kapitel 09", "{C4077797-3CBA-40A6-92CF-5814D26B02DC}"
EndProject
Project("{2150E333-8FDC-42A3-9474-1A3956D46DE8}") = "Kapitel 10", "Kapitel 10", "{78F0934C-3257-4184-AD15-F8B1DD8A6CB1}"
EndProject
Project("{2150E333-8FDC-42A3-9474-1A3956D46DE8}") = "Kapitel 11", "Kapitel 11", "{CEA745E6-9B51-40A0-95DF-9D3D398D6EB8}"
EndProject
Project("{2150E333-8FDC-42A3-9474-1A3956D46DE8}") = "Kapitel 12", "Kapitel 12", "{B2B52735-27E1-4A80-864E-A232B3B117B7}"
EndProject
Project("{2150E333-8FDC-42A3-9474-1A3956D46DE8}") = "Kapitel 13", "Kapitel 13", "{4C2EF39B-7AC5-4945-9743-6F3B444C3319}"
EndProject
Project("{2150E333-8FDC-42A3-9474-1A3956D46DE8}") = "Kapitel 14", "Kapitel 14", "{40642D2B-6C0B-4A6B-8B38-51495B76FE88}"
EndProject
Project("{2150E333-8FDC-42A3-9474-1A3956D46DE8}") = "Kapitel 15", "Kapitel 15", "{9AFEC51A-711E-4B5D-88CA-CBB9FE04EA1B}"
EndProject
Project("{2150E333-8FDC-42A3-9474-1A3956D46DE8}") = "Kapitel 16", "Kapitel 16", "{6A889756-4C69-4C18-8F27-936FB16F8CB7}"
EndProject
Project("{2150E333-8FDC-42A3-9474-1A3956D46DE8}") = "Kapitel 17", "Kapitel 17", "{026D9141-7A3E-48BF-9CBA-E0CDED6243F2}"
EndProject
Project("{2150E333-8FDC-42A3-9474-1A3956D46DE8}") = "Kapitel 18", "Kapitel 18", "{8291F428-C620-434C-95DC-EE1D78FF979F}"
EndProject
Project("{2150E333-8FDC-42A3-9474-1A3956D46DE8}") = "Kapitel 19", "Kapitel 19", "{14D9498F-F146-4A3A-A45E-0B4730AB1157}"
EndProject
Project("{2150E333-8FDC-42A3-9474-1A3956D46DE8}") = "Kapitel 20", "Kapitel 20", "{58242E4B-9BC4-4A16-A2FD-D7344BB09D41}"
EndProject
Project("{2150E333-8FDC-42A3-9474-1A3956D46DE8}") = "Kapitel 21", "Kapitel 21", "{D7CC13D1-E021-44A3-9A2F-E10E23AD5A0A}"
EndProject
Project("{2150E333-8FDC-42A3-9474-1A3956D46DE8}") = "Kapitel 24", "Kapitel 24", "{B940B822-6490-4F6F-A6A0-1AD40E73A899}"
EndProject
Project("{2150E333-8FDC-42A3-9474-1A3956D46DE8}") = "Kapitel 25", "Kapitel 25", "{9A599395-3914-4413-8EDF-32CC7CDDF768}"
EndProject
Project("{2150E333-8FDC-42A3-9474-1A3956D46DE8}") = "Kapitel 26", "Kapitel 26", "{61CCEDAE-5B10-4C65-98AA-2D1F598E50F1}"
EndProject
Project("{2150E333-8FDC-42A3-9474-1A3956D46DE8}") = "Kapitel 27", "Kapitel 27", "{CD59BC9F-69DF-40ED-A811-BD1690568669}"
EndProject
Project("{2150E333-8FDC-42A3-9474-1A3956D46DE8}") = "Kapitel 28", "Kapitel 28", "{320AEE0E-A46D-4B6A-83C2-4BB8B6A3D5AC}"
EndProject
Project("{2150E333-8FDC-42A3-9474-1A3956D46DE8}") = "Kapitel 29", "Kapitel 29", "{A2A2E39F-0002-4CEC-9D9D-A7E7E680EEBE}"
EndProject
Project("{2150E333-8FDC-42A3-9474-1A3956D46DE8}") = "Kapitel 30", "Kapitel 30", "{DAAAAC48-255A-4180-96A1-EB98E49BAF2A}"
EndProject
Project("{2150E333-8FDC-42A3-9474-1A3956D46DE8}") = "Kapitel 31", "Kapitel 31", "{73C64F13-3461-4772-BA5E-49548EE789FE}"
EndProject
Project("{2150E333-8FDC-42A3-9474-1A3956D46DE8}") = "Kapitel 32", "Kapitel 32", "{BEE8C418-D09C-4826-942B-01A31A2D5740}"
EndProject
Global
	GlobalSection(SolutionProperties) = preSolution
		HideSolutionNode = FALSE
	EndGlobalSection
EndGlobal
